
Microsoft Visual Studio Solution File, Format Version 12.00
# Visual Studio 15
VisualStudioVersion = 15.0.28010.2048
MinimumVisualStudioVersion = 10.0.40219.1
Project("{FAE04EC0-301F-11D3-BF4B-00C04F79EFBC}") = "Labb2.Services", "Labb2.Services\Labb2.Services.csproj", "{3E522DF5-0DEC-4E93-BE6E-966E31AF8BC1}"
EndProject
Project("{FAE04EC0-301F-11D3-BF4B-00C04F79EFBC}") = "Labb2.Entities", "Labb2.Entities\Labb2.Entities.csproj", "{28877115-8212-43F2-A042-3DAA76432202}"
EndProject
Project("{FAE04EC0-301F-11D3-BF4B-00C04F79EFBC}") = "Labb2.Data", "Labb2.Data\Labb2.Data.csproj", "{C4D7C31B-3922-4743-9235-3EBCEA5C7094}"
EndProject
Global
	GlobalSection(SolutionConfigurationPlatforms) = preSolution
		Debug|Any CPU = Debug|Any CPU
		Debug|ARM = Debug|ARM
		Debug|x64 = Debug|x64
		Debug|x86 = Debug|x86
		Release|Any CPU = Release|Any CPU
		Release|ARM = Release|ARM
		Release|x64 = Release|x64
		Release|x86 = Release|x86
	EndGlobalSection
	GlobalSection(ProjectConfigurationPlatforms) = postSolution
		{3E522DF5-0DEC-4E93-BE6E-966E31AF8BC1}.Debug|Any CPU.ActiveCfg = Debug|Any CPU
		{3E522DF5-0DEC-4E93-BE6E-966E31AF8BC1}.Debug|Any CPU.Build.0 = Debug|Any CPU
		{3E522DF5-0DEC-4E93-BE6E-966E31AF8BC1}.Debug|ARM.ActiveCfg = Debug|Any CPU
		{3E522DF5-0DEC-4E93-BE6E-966E31AF8BC1}.Debug|ARM.Build.0 = Debug|Any CPU
		{3E522DF5-0DEC-4E93-BE6E-966E31AF8BC1}.Debug|x64.ActiveCfg = Debug|Any CPU
		{3E522DF5-0DEC-4E93-BE6E-966E31AF8BC1}.Debug|x64.Build.0 = Debug|Any CPU
		{3E522DF5-0DEC-4E93-BE6E-966E31AF8BC1}.Debug|x86.ActiveCfg = Debug|Any CPU
		{3E522DF5-0DEC-4E93-BE6E-966E31AF8BC1}.Debug|x86.Build.0 = Debug|Any CPU
		{3E522DF5-0DEC-4E93-BE6E-966E31AF8BC1}.Release|Any CPU.ActiveCfg = Release|Any CPU
		{3E522DF5-0DEC-4E93-BE6E-966E31AF8BC1}.Release|Any CPU.Build.0 = Release|Any CPU
		{3E522DF5-0DEC-4E93-BE6E-966E31AF8BC1}.Release|ARM.ActiveCfg = Release|Any CPU
		{3E522DF5-0DEC-4E93-BE6E-966E31AF8BC1}.Release|ARM.Build.0 = Release|Any CPU
		{3E522DF5-0DEC-4E93-BE6E-966E31AF8BC1}.Release|x64.ActiveCfg = Release|Any CPU
		{3E522DF5-0DEC-4E93-BE6E-966E31AF8BC1}.Release|x64.Build.0 = Release|Any CPU
		{3E522DF5-0DEC-4E93-BE6E-966E31AF8BC1}.Release|x86.ActiveCfg = Release|Any CPU
		{3E522DF5-0DEC-4E93-BE6E-966E31AF8BC1}.Release|x86.Build.0 = Release|Any CPU
		{28877115-8212-43F2-A042-3DAA76432202}.Debug|Any CPU.ActiveCfg = Debug|Any CPU
		{28877115-8212-43F2-A042-3DAA76432202}.Debug|Any CPU.Build.0 = Debug|Any CPU
		{28877115-8212-43F2-A042-3DAA76432202}.Debug|ARM.ActiveCfg = Debug|Any CPU
		{28877115-8212-43F2-A042-3DAA76432202}.Debug|ARM.Build.0 = Debug|Any CPU
		{28877115-8212-43F2-A042-3DAA76432202}.Debug|x64.ActiveCfg = Debug|Any CPU
		{28877115-8212-43F2-A042-3DAA76432202}.Debug|x64.Build.0 = Debug|Any CPU
		{28877115-8212-43F2-A042-3DAA76432202}.Debug|x86.ActiveCfg = Debug|Any CPU
		{28877115-8212-43F2-A042-3DAA76432202}.Debug|x86.Build.0 = Debug|Any CPU
		{28877115-8212-43F2-A042-3DAA76432202}.Release|Any CPU.ActiveCfg = Release|Any CPU
		{28877115-8212-43F2-A042-3DAA76432202}.Release|Any CPU.Build.0 = Release|Any CPU
		{28877115-8212-43F2-A042-3DAA76432202}.Release|ARM.ActiveCfg = Release|Any CPU
		{28877115-8212-43F2-A042-3DAA76432202}.Release|ARM.Build.0 = Release|Any CPU
		{28877115-8212-43F2-A042-3DAA76432202}.Release|x64.ActiveCfg = Release|Any CPU
		{28877115-8212-43F2-A042-3DAA76432202}.Release|x64.Build.0 = Release|Any CPU
		{28877115-8212-43F2-A042-3DAA76432202}.Release|x86.ActiveCfg = Release|Any CPU
		{28877115-8212-43F2-A042-3DAA76432202}.Release|x86.Build.0 = Release|Any CPU
		{C4D7C31B-3922-4743-9235-3EBCEA5C7094}.Debug|Any CPU.ActiveCfg = Debug|Any CPU
		{C4D7C31B-3922-4743-9235-3EBCEA5C7094}.Debug|Any CPU.Build.0 = Debug|Any CPU
		{C4D7C31B-3922-4743-9235-3EBCEA5C7094}.Debug|ARM.ActiveCfg = Debug|Any CPU
		{C4D7C31B-3922-4743-9235-3EBCEA5C7094}.Debug|ARM.Build.0 = Debug|Any CPU
		{C4D7C31B-3922-4743-9235-3EBCEA5C7094}.Debug|x64.ActiveCfg = Debug|Any CPU
		{C4D7C31B-3922-4743-9235-3EBCEA5C7094}.Debug|x64.Build.0 = Debug|Any CPU
		{C4D7C31B-3922-4743-9235-3EBCEA5C7094}.Debug|x86.ActiveCfg = Debug|Any CPU
		{C4D7C31B-3922-4743-9235-3EBCEA5C7094}.Debug|x86.Build.0 = Debug|Any CPU
		{C4D7C31B-3922-4743-9235-3EBCEA5C7094}.Release|Any CPU.ActiveCfg = Release|Any CPU
		{C4D7C31B-3922-4743-9235-3EBCEA5C7094}.Release|Any CPU.Build.0 = Release|Any CPU
		{C4D7C31B-3922-4743-9235-3EBCEA5C7094}.Release|ARM.ActiveCfg = Release|Any CPU
		{C4D7C31B-3922-4743-9235-3EBCEA5C7094}.Release|ARM.Build.0 = Release|Any CPU
		{C4D7C31B-3922-4743-9235-3EBCEA5C7094}.Release|x64.ActiveCfg = Release|Any CPU
		{C4D7C31B-3922-4743-9235-3EBCEA5C7094}.Release|x64.Build.0 = Release|Any CPU
		{C4D7C31B-3922-4743-9235-3EBCEA5C7094}.Release|x86.ActiveCfg = Release|Any CPU
		{C4D7C31B-3922-4743-9235-3EBCEA5C7094}.Release|x86.Build.0 = Release|Any CPU
	EndGlobalSection
	GlobalSection(SolutionProperties) = preSolution
		HideSolutionNode = FALSE
	EndGlobalSection
	GlobalSection(ExtensibilityGlobals) = postSolution
		SolutionGuid = {BB786835-801F-4B17-AA90-D94267D6AB1D}
	EndGlobalSection
EndGlobal
